
Microsoft Visual Studio Solution File, Format Version 12.00
# Visual Studio Version 17
VisualStudioVersion = 17.10.34928.147
MinimumVisualStudioVersion = 10.0.40219.1
Project("{FAE04EC0-301F-11D3-BF4B-00C04F79EFBC}") = "KasunSuperInventoryManagementSystem", "KasunSuperInventoryManagementSystem\KasunSuperInventoryManagementSystem.csproj", "{89BD0E52-BD2E-4C69-A9E2-85146D5E18E2}"
EndProject
Global
	GlobalSection(SolutionConfigurationPlatforms) = preSolution
		Debug|Any CPU = Debug|Any CPU
		Release|Any CPU = Release|Any CPU
	EndGlobalSection
	GlobalSection(ProjectConfigurationPlatforms) = postSolution
		{89BD0E52-BD2E-4C69-A9E2-85146D5E18E2}.Debug|Any CPU.ActiveCfg = Debug|Any CPU
		{89BD0E52-BD2E-4C69-A9E2-85146D5E18E2}.Debug|Any CPU.Build.0 = Debug|Any CPU
		{89BD0E52-BD2E-4C69-A9E2-85146D5E18E2}.Release|Any CPU.ActiveCfg = Release|Any CPU
		{89BD0E52-BD2E-4C69-A9E2-85146D5E18E2}.Release|Any CPU.Build.0 = Release|Any CPU
	EndGlobalSection
	GlobalSection(SolutionProperties) = preSolution
		HideSolutionNode = FALSE
	EndGlobalSection
	GlobalSection(ExtensibilityGlobals) = postSolution
		SolutionGuid = {FAFC5A57-0A85-469A-BB6C-DE6BB77C0EE0}
	EndGlobalSection
EndGlobal
